
Microsoft Visual Studio Solution File, Format Version 12.00
# Visual Studio Version 17
VisualStudioVersion = 17.0.31903.59
MinimumVisualStudioVersion = 10.0.40219.1
Project("{FAE04EC0-301F-11D3-BF4B-00C04F79EFBC}") = "SistemaEstoqueGenerico", "SistemaEstoqueGenerico\SistemaEstoqueGenerico.csproj", "{3569D86D-BBAA-48AF-8A46-9412718C2D8D}"
EndProject
Project("{FAE04EC0-301F-11D3-BF4B-00C04F79EFBC}") = "SistemaEstoqueGenerico.Tests", "SistemaEstoqueGenerico.Tests\SistemaEstoqueGenerico.Tests.csproj", "{BC58A54A-A43A-452F-918B-6955FA03A8C4}"
EndProject
Project("{FAE04EC0-301F-11D3-BF4B-00C04F79EFBC}") = "SistemaEstoqueGenerico.Api", "SistemaEstoqueGenerico.Api\SistemaEstoqueGenerico.Api.csproj", "{D761557F-A0D9-4EB8-8844-4D5C62B43BFC}"
EndProject
Global
	GlobalSection(SolutionConfigurationPlatforms) = preSolution
		Debug|Any CPU = Debug|Any CPU
		Debug|x64 = Debug|x64
		Debug|x86 = Debug|x86
		Release|Any CPU = Release|Any CPU
		Release|x64 = Release|x64
		Release|x86 = Release|x86
	EndGlobalSection
	GlobalSection(ProjectConfigurationPlatforms) = postSolution
		{3569D86D-BBAA-48AF-8A46-9412718C2D8D}.Debug|Any CPU.ActiveCfg = Debug|Any CPU
		{3569D86D-BBAA-48AF-8A46-9412718C2D8D}.Debug|Any CPU.Build.0 = Debug|Any CPU
		{3569D86D-BBAA-48AF-8A46-9412718C2D8D}.Debug|x64.ActiveCfg = Debug|Any CPU
		{3569D86D-BBAA-48AF-8A46-9412718C2D8D}.Debug|x64.Build.0 = Debug|Any CPU
		{3569D86D-BBAA-48AF-8A46-9412718C2D8D}.Debug|x86.ActiveCfg = Debug|Any CPU
		{3569D86D-BBAA-48AF-8A46-9412718C2D8D}.Debug|x86.Build.0 = Debug|Any CPU
		{3569D86D-BBAA-48AF-8A46-9412718C2D8D}.Release|Any CPU.ActiveCfg = Release|Any CPU
		{3569D86D-BBAA-48AF-8A46-9412718C2D8D}.Release|Any CPU.Build.0 = Release|Any CPU
		{3569D86D-BBAA-48AF-8A46-9412718C2D8D}.Release|x64.ActiveCfg = Release|Any CPU
		{3569D86D-BBAA-48AF-8A46-9412718C2D8D}.Release|x64.Build.0 = Release|Any CPU
		{3569D86D-BBAA-48AF-8A46-9412718C2D8D}.Release|x86.ActiveCfg = Release|Any CPU
		{3569D86D-BBAA-48AF-8A46-9412718C2D8D}.Release|x86.Build.0 = Release|Any CPU
		{BC58A54A-A43A-452F-918B-6955FA03A8C4}.Debug|Any CPU.ActiveCfg = Debug|Any CPU
		{BC58A54A-A43A-452F-918B-6955FA03A8C4}.Debug|Any CPU.Build.0 = Debug|Any CPU
		{BC58A54A-A43A-452F-918B-6955FA03A8C4}.Debug|x64.ActiveCfg = Debug|Any CPU
		{BC58A54A-A43A-452F-918B-6955FA03A8C4}.Debug|x64.Build.0 = Debug|Any CPU
		{BC58A54A-A43A-452F-918B-6955FA03A8C4}.Debug|x86.ActiveCfg = Debug|Any CPU
		{BC58A54A-A43A-452F-918B-6955FA03A8C4}.Debug|x86.Build.0 = Debug|Any CPU
		{BC58A54A-A43A-452F-918B-6955FA03A8C4}.Release|Any CPU.ActiveCfg = Release|Any CPU
		{BC58A54A-A43A-452F-918B-6955FA03A8C4}.Release|Any CPU.Build.0 = Release|Any CPU
		{BC58A54A-A43A-452F-918B-6955FA03A8C4}.Release|x64.ActiveCfg = Release|Any CPU
		{BC58A54A-A43A-452F-918B-6955FA03A8C4}.Release|x64.Build.0 = Release|Any CPU
		{BC58A54A-A43A-452F-918B-6955FA03A8C4}.Release|x86.ActiveCfg = Release|Any CPU
		{BC58A54A-A43A-452F-918B-6955FA03A8C4}.Release|x86.Build.0 = Release|Any CPU
		{D761557F-A0D9-4EB8-8844-4D5C62B43BFC}.Debug|Any CPU.ActiveCfg = Debug|Any CPU
		{D761557F-A0D9-4EB8-8844-4D5C62B43BFC}.Debug|Any CPU.Build.0 = Debug|Any CPU
		{D761557F-A0D9-4EB8-8844-4D5C62B43BFC}.Debug|x64.ActiveCfg = Debug|Any CPU
		{D761557F-A0D9-4EB8-8844-4D5C62B43BFC}.Debug|x64.Build.0 = Debug|Any CPU
		{D761557F-A0D9-4EB8-8844-4D5C62B43BFC}.Debug|x86.ActiveCfg = Debug|Any CPU
		{D761557F-A0D9-4EB8-8844-4D5C62B43BFC}.Debug|x86.Build.0 = Debug|Any CPU
		{D761557F-A0D9-4EB8-8844-4D5C62B43BFC}.Release|Any CPU.ActiveCfg = Release|Any CPU
		{D761557F-A0D9-4EB8-8844-4D5C62B43BFC}.Release|Any CPU.Build.0 = Release|Any CPU
		{D761557F-A0D9-4EB8-8844-4D5C62B43BFC}.Release|x64.ActiveCfg = Release|Any CPU
		{D761557F-A0D9-4EB8-8844-4D5C62B43BFC}.Release|x64.Build.0 = Release|Any CPU
		{D761557F-A0D9-4EB8-8844-4D5C62B43BFC}.Release|x86.ActiveCfg = Release|Any CPU
		{D761557F-A0D9-4EB8-8844-4D5C62B43BFC}.Release|x86.Build.0 = Release|Any CPU
	EndGlobalSection
	GlobalSection(SolutionProperties) = preSolution
		HideSolutionNode = FALSE
	EndGlobalSection
EndGlobal
